{
  "version": "2",
  "remote": {
    "https://deno.land/std@0.177.0/_util/asserts.ts": "178dfc49a464aee693a7e285567b3d0b555dc805ff490505a8aae34f9cfb1462",
    "https://deno.land/std@0.177.0/_util/os.ts": "d932f56d41e4f6a6093d56044e29ce637f8dcc43c5a90af43504a889cf1775e3",
    "https://deno.land/std@0.177.0/async/abortable.ts": "73acfb3ed7261ce0d930dbe89e43db8d34e017b063cf0eaa7d215477bf53442e",
    "https://deno.land/std@0.177.0/async/deadline.ts": "c5facb0b404eede83e38bd2717ea8ab34faa2ffb20ef87fd261fcba32ba307aa",
    "https://deno.land/std@0.177.0/async/debounce.ts": "adab11d04ca38d699444ac8a9d9856b4155e8dda2afd07ce78276c01ea5a4332",
    "https://deno.land/std@0.177.0/async/deferred.ts": "42790112f36a75a57db4a96d33974a936deb7b04d25c6084a9fa8a49f135def8",
    "https://deno.land/std@0.177.0/async/delay.ts": "73aa04cec034c84fc748c7be49bb15cac3dd43a57174bfdb7a4aec22c248f0dd",
    "https://deno.land/std@0.177.0/async/mod.ts": "f04344fa21738e5ad6bea37a6bfffd57c617c2d372bb9f9dcfd118a1b622e576",
    "https://deno.land/std@0.177.0/async/mux_async_iterator.ts": "70c7f2ee4e9466161350473ad61cac0b9f115cff4c552eaa7ef9d50c4cbb4cc9",
    "https://deno.land/std@0.177.0/async/pool.ts": "fd082bd4aaf26445909889435a5c74334c017847842ec035739b4ae637ae8260",
    "https://deno.land/std@0.177.0/async/retry.ts": "5efa3ba450ac0c07a40a82e2df296287b5013755d232049efd7ea2244f15b20f",
    "https://deno.land/std@0.177.0/async/tee.ts": "47e42d35f622650b02234d43803d0383a89eb4387e1b83b5a40106d18ae36757",
    "https://deno.land/std@0.177.0/bytes/index_of_needle.ts": "65c939607df609374c4415598fa4dad04a2f14c4d98cd15775216f0aaf597f24",
    "https://deno.land/std@0.177.0/crypto/timing_safe_equal.ts": "8d69ab611c67fe51b6127d97fcfb4d8e7d0e1b6b4f3e0cc4ab86744c3691f965",
    "https://deno.land/std@0.177.0/encoding/base64.ts": "7de04c2f8aeeb41453b09b186480be90f2ff357613b988e99fabb91d2eeceba1",
    "https://deno.land/std@0.177.0/encoding/base64url.ts": "3f1178f6446834457b16bfde8b559c1cd3481727fe384d3385e4a9995dc2d851",
    "https://deno.land/std@0.177.0/flags/mod.ts": "d1cdefa18472ef69858a17df5cf7c98445ed27ac10e1460183081303b0ebc270",
    "https://deno.land/std@0.177.0/fmt/printf.ts": "e5b426cd6ad13df5d408e9c375c025d59de30e380c5534715bd892df874ab057",
    "https://deno.land/std@0.177.0/node/_core.ts": "9a58c0ef98ee77e9b8fcc405511d1b37a003a705eb6a9b6e95f75434d8009adc",
    "https://deno.land/std@0.177.0/node/_events.d.ts": "1347437fd6b084d7c9a4e16b9fe7435f00b030970086482edeeb3b179d0775af",
    "https://deno.land/std@0.177.0/node/_events.mjs": "d4ba4e629abe3db9f1b14659fd5c282b7da8b2b95eaf13238eee4ebb142a2448",
    "https://deno.land/std@0.177.0/node/_global.d.ts": "2d88342f38b4083b858998e27c706725fb03a74aa14ef8d985dc18438b5188e4",
    "https://deno.land/std@0.177.0/node/_next_tick.ts": "9a3cf107d59b019a355d3cf32275b4c6157282e4b68ea85b46a799cb1d379305",
    "https://deno.land/std@0.177.0/node/_process/exiting.ts": "6e336180aaabd1192bf99ffeb0d14b689116a3dec1dfb34a2afbacd6766e98ab",
    "https://deno.land/std@0.177.0/node/_process/process.ts": "c96bb1f6253824c372f4866ee006dcefda02b7050d46759736e403f862d91051",
    "https://deno.land/std@0.177.0/node/_process/stdio.mjs": "cf17727eac8da3a665851df700b5aca6a12bacc3ebbf33e63e4b919f80ba44a6",
    "https://deno.land/std@0.177.0/node/_process/streams.mjs": "408777fba99580567f3ee82ee584ca79012cc550f8dacb8c5ec633b58cd0c1ca",
    "https://deno.land/std@0.177.0/node/_stream.d.ts": "112e1a0677cd6db932c3ce0e6e5bbdc7a2ac1874572f449044ecc82afcf5ee2e",
    "https://deno.land/std@0.177.0/node/_stream.mjs": "d6e2c86c1158ac65b4c2ca4fa019d7e84374ff12e21e2175345fe68c0823efe3",
    "https://deno.land/std@0.177.0/node/_util/_util_callbackify.ts": "a7ffe799ac5f54f3a780ee1c9b190b94dc7dc8afbb430c0e1c73756638d25d64",
    "https://deno.land/std@0.177.0/node/_utils.ts": "7fd55872a0cf9275e3c080a60e2fa6d45b8de9e956ebcde9053e72a344185884",
    "https://deno.land/std@0.177.0/node/buffer.ts": "85617be2063eccaf177dbb84c7580d1e32023724ed14bd9df4e453b152a26167",
    "https://deno.land/std@0.177.0/node/events.ts": "d2de352d509de11a375e2cb397d6b98f5fed4e562fc1d41be33214903a38e6b0",
    "https://deno.land/std@0.177.0/node/internal/buffer.d.ts": "bdfa991cd88cb02fd08bf8235d2618550e3e511c970b2a8f2e1a6885a2793cac",
    "https://deno.land/std@0.177.0/node/internal/buffer.mjs": "e92303a3cc6d9aaabcd270a937ad9319825d9ba08cb332650944df4562029b27",
    "https://deno.land/std@0.177.0/node/internal/crypto/_keys.ts": "8f3c3b5a141aa0331a53c205e9338655f1b3b307a08085fd6ff6dda6f7c4190b",
    "https://deno.land/std@0.177.0/node/internal/crypto/constants.ts": "544d605703053218499b08214f2e25cf4310651d535b7ab995891c4b7a217693",
    "https://deno.land/std@0.177.0/node/internal/error_codes.ts": "8495e33f448a484518d76fa3d41d34fc20fe03c14b30130ad8e936b0035d4b8b",
    "https://deno.land/std@0.177.0/node/internal/errors.ts": "1c699b8a3cb93174f697a348c004b1c6d576b66688eac8a48ebb78e65c720aae",
    "https://deno.land/std@0.177.0/node/internal/fixed_queue.ts": "62bb119afa5b5ae8fc0c7048b50502347bec82e2588017d0b250c4671d6eff8f",
    "https://deno.land/std@0.177.0/node/internal/hide_stack_frames.ts": "9dd1bad0a6e62a1042ce3a51eb1b1ecee2f246907bff44835f86e8f021de679a",
    "https://deno.land/std@0.177.0/node/internal/net.ts": "5538d31b595ac63d4b3e90393168bc65ace2f332c3317cffa2fd780070b2d86c",
    "https://deno.land/std@0.177.0/node/internal/normalize_encoding.mjs": "fd1d9df61c44d7196432f6e8244621468715131d18cc79cd299fc78ac549f707",
    "https://deno.land/std@0.177.0/node/internal/options.ts": "888f267c3fe8f18dc7b2f2fbdbe7e4a0fd3302ff3e99f5d6645601e924f3e3fb",
    "https://deno.land/std@0.177.0/node/internal/primordials.mjs": "a72d86b5aa55d3d50b8e916b6a59b7cc0dc5a31da8937114b4a113ad5aa08c74",
    "https://deno.land/std@0.177.0/node/internal/process/per_thread.mjs": "10142bbb13978c2f8f79778ad90f3a67a8ea6d8d2970f3dfc6bf2c6fff0162a2",
    "https://deno.land/std@0.177.0/node/internal/readline/callbacks.mjs": "bdb129b140c3b21b5e08cdc3d8e43517ad818ac03f75197338d665cca1cbaed3",
    "https://deno.land/std@0.177.0/node/internal/readline/utils.mjs": "c3dbf3a97c01ed14052cca3848f09e2fc24818c1822ceed57c33b9f0840f3b87",
    "https://deno.land/std@0.177.0/node/internal/streams/destroy.mjs": "b665fc71178919a34ddeac8389d162a81b4bc693ff7dc2557fa41b3a91011967",
    "https://deno.land/std@0.177.0/node/internal/streams/end-of-stream.mjs": "a4fb1c2e32d58dff440d4e716e2c4daaa403b3095304a028bb428575cfeed716",
    "https://deno.land/std@0.177.0/node/internal/streams/utils.mjs": "f2fe2e6bdc506da24c758970890cc2a21642045b129dee618bd3827c60dd9e33",
    "https://deno.land/std@0.177.0/node/internal/util.mjs": "f7fe2e1ca5e66f550ad0856b9f5ee4d666f0c071fe212ea7fc7f37cfa81f97a5",
    "https://deno.land/std@0.177.0/node/internal/util/comparisons.ts": "9a7d95401b3d1c99ec5b12250cf6dec75efc75764b4a18be257dd8bfbe67496e",
    "https://deno.land/std@0.177.0/node/internal/util/debuglog.ts": "a2392980a65cc6916afc17fa6686242ee0e3b47bd98c792ff59358560b24185e",
    "https://deno.land/std@0.177.0/node/internal/util/inspect.mjs": "11d7c9cab514b8e485acc3978c74b837263ff9c08ae4537fa18ad56bae633259",
    "https://deno.land/std@0.177.0/node/internal/util/types.ts": "0e587b44ec5e017cf228589fc5ce9983b75beece6c39409c34170cfad49d6417",
    "https://deno.land/std@0.177.0/node/internal/validators.mjs": "e02f2b02dd072a5d623970292588d541204dc82207b4c58985d933a5f4b382e6",
    "https://deno.land/std@0.177.0/node/internal_binding/_libuv_winerror.ts": "30c9569603d4b97a1f1a034d88a3f74800d5ea1f12fcc3d225c9899d4e1a518b",
    "https://deno.land/std@0.177.0/node/internal_binding/_listen.ts": "c6038be47116f7755c01fd98340a0d1e8e66ef874710ab59ed3f5607d50d7a25",
    "https://deno.land/std@0.177.0/node/internal_binding/_node.ts": "cb2389b0eab121df99853eb6a5e3a684e4537e065fb8bf2cca0cbf219ce4e32e",
    "https://deno.land/std@0.177.0/node/internal_binding/_timingSafeEqual.ts": "7d9732464d3c669ff07713868ce5d25bc974a06112edbfb5f017fc3c70c0853e",
    "https://deno.land/std@0.177.0/node/internal_binding/_utils.ts": "7c58a2fbb031a204dee9583ba211cf9c67922112fe77e7f0b3226112469e9fe1",
    "https://deno.land/std@0.177.0/node/internal_binding/_winerror.ts": "3e8cfdfe22e89f13d2b28529bab35155e6b1730c0221ec5a6fc7077dc037be13",
    "https://deno.land/std@0.177.0/node/internal_binding/ares.ts": "bdd34c679265a6c115a8cfdde000656837a0a0dcdb0e4c258e622e136e9c31b8",
    "https://deno.land/std@0.177.0/node/internal_binding/async_wrap.ts": "0dc5ae64eea2c9e57ab17887ef1573922245167ffe38e3685c28d636f487f1b7",
    "https://deno.land/std@0.177.0/node/internal_binding/buffer.ts": "31729e0537921d6c730ad0afea44a7e8a0a1044d070ade8368226cb6f7390c8b",
    "https://deno.land/std@0.177.0/node/internal_binding/cares_wrap.ts": "9b7247772167f8ed56acd0244a232d9d50e8d7c9cfc379f77f3d54cecc2f32ab",
    "https://deno.land/std@0.177.0/node/internal_binding/config.ts": "37d293009d1718205bf28e878e54a9f1ca24c1c320cee2416c20dc054104c6ea",
    "https://deno.land/std@0.177.0/node/internal_binding/connection_wrap.ts": "7dd089ea46de38e4992d0f43a09b586e4cf04878fb06863c1cb8cb2ece7da521",
    "https://deno.land/std@0.177.0/node/internal_binding/constants.ts": "21ff9d1ee71d0a2086541083a7711842fc6ae25e264dbf45c73815aadce06f4c",
    "https://deno.land/std@0.177.0/node/internal_binding/contextify.ts": "37d293009d1718205bf28e878e54a9f1ca24c1c320cee2416c20dc054104c6ea",
    "https://deno.land/std@0.177.0/node/internal_binding/credentials.ts": "37d293009d1718205bf28e878e54a9f1ca24c1c320cee2416c20dc054104c6ea",
    "https://deno.land/std@0.177.0/node/internal_binding/crypto.ts": "29e8f94f283a2e7d4229d3551369c6a40c2af9737fad948cb9be56bef6c468cd",
    "https://deno.land/std@0.177.0/node/internal_binding/errors.ts": "37d293009d1718205bf28e878e54a9f1ca24c1c320cee2416c20dc054104c6ea",
    "https://deno.land/std@0.177.0/node/internal_binding/fs.ts": "37d293009d1718205bf28e878e54a9f1ca24c1c320cee2416c20dc054104c6ea",
    "https://deno.land/std@0.177.0/node/internal_binding/fs_dir.ts": "37d293009d1718205bf28e878e54a9f1ca24c1c320cee2416c20dc054104c6ea",
    "https://deno.land/std@0.177.0/node/internal_binding/fs_event_wrap.ts": "37d293009d1718205bf28e878e54a9f1ca24c1c320cee2416c20dc054104c6ea",
    "https://deno.land/std@0.177.0/node/internal_binding/handle_wrap.ts": "adf0b8063da2c54f26edd5e8ec50296a4d38e42716a70a229f14654b17a071d9",
    "https://deno.land/std@0.177.0/node/internal_binding/heap_utils.ts": "37d293009d1718205bf28e878e54a9f1ca24c1c320cee2416c20dc054104c6ea",
    "https://deno.land/std@0.177.0/node/internal_binding/http_parser.ts": "37d293009d1718205bf28e878e54a9f1ca24c1c320cee2416c20dc054104c6ea",
    "https://deno.land/std@0.177.0/node/internal_binding/icu.ts": "37d293009d1718205bf28e878e54a9f1ca24c1c320cee2416c20dc054104c6ea",
    "https://deno.land/std@0.177.0/node/internal_binding/inspector.ts": "37d293009d1718205bf28e878e54a9f1ca24c1c320cee2416c20dc054104c6ea",
    "https://deno.land/std@0.177.0/node/internal_binding/js_stream.ts": "37d293009d1718205bf28e878e54a9f1ca24c1c320cee2416c20dc054104c6ea",
    "https://deno.land/std@0.177.0/node/internal_binding/messaging.ts": "37d293009d1718205bf28e878e54a9f1ca24c1c320cee2416c20dc054104c6ea",
    "https://deno.land/std@0.177.0/node/internal_binding/mod.ts": "9fc65f7af1d35e2d3557539a558ea9ad7a9954eefafe614ad82d94bddfe25845",
    "https://deno.land/std@0.177.0/node/internal_binding/module_wrap.ts": "37d293009d1718205bf28e878e54a9f1ca24c1c320cee2416c20dc054104c6ea",
    "https://deno.land/std@0.177.0/node/internal_binding/native_module.ts": "37d293009d1718205bf28e878e54a9f1ca24c1c320cee2416c20dc054104c6ea",
    "https://deno.land/std@0.177.0/node/internal_binding/natives.ts": "37d293009d1718205bf28e878e54a9f1ca24c1c320cee2416c20dc054104c6ea",
    "https://deno.land/std@0.177.0/node/internal_binding/node_file.ts": "21edbbc95653e45514aff252b6cae7bf127a4338cbc5f090557d258aa205d8a5",
    "https://deno.land/std@0.177.0/node/internal_binding/node_options.ts": "0b5cb0bf4379a39278d7b7bb6bb2c2751baf428fe437abe5ed3e8441fae1f18b",
    "https://deno.land/std@0.177.0/node/internal_binding/options.ts": "37d293009d1718205bf28e878e54a9f1ca24c1c320cee2416c20dc054104c6ea",
    "https://deno.land/std@0.177.0/node/internal_binding/os.ts": "37d293009d1718205bf28e878e54a9f1ca24c1c320cee2416c20dc054104c6ea",
    "https://deno.land/std@0.177.0/node/internal_binding/performance.ts": "37d293009d1718205bf28e878e54a9f1ca24c1c320cee2416c20dc054104c6ea",
    "https://deno.land/std@0.177.0/node/internal_binding/pipe_wrap.ts": "30e3a63954313f9d5bbc2ac02c7f9be4b1204c493e47f6e1b9c7366994e6ea6d",
    "https://deno.land/std@0.177.0/node/internal_binding/process_methods.ts": "37d293009d1718205bf28e878e54a9f1ca24c1c320cee2416c20dc054104c6ea",
    "https://deno.land/std@0.177.0/node/internal_binding/report.ts": "37d293009d1718205bf28e878e54a9f1ca24c1c320cee2416c20dc054104c6ea",
    "https://deno.land/std@0.177.0/node/internal_binding/serdes.ts": "37d293009d1718205bf28e878e54a9f1ca24c1c320cee2416c20dc054104c6ea",
    "https://deno.land/std@0.177.0/node/internal_binding/signal_wrap.ts": "37d293009d1718205bf28e878e54a9f1ca24c1c320cee2416c20dc054104c6ea",
    "https://deno.land/std@0.177.0/node/internal_binding/spawn_sync.ts": "37d293009d1718205bf28e878e54a9f1ca24c1c320cee2416c20dc054104c6ea",
    "https://deno.land/std@0.177.0/node/internal_binding/stream_wrap.ts": "452bff74d1db280a0cd78c75a95bb6d163e849e06e9638c4af405d40296bd050",
    "https://deno.land/std@0.177.0/node/internal_binding/string_decoder.ts": "54c3c1cbd5a9254881be58bf22637965dc69535483014dab60487e299cb95445",
    "https://deno.land/std@0.177.0/node/internal_binding/symbols.ts": "4dee2f3a400d711fd57fa3430b8de1fdb011e08e260b81fef5b81cc06ed77129",
    "https://deno.land/std@0.177.0/node/internal_binding/task_queue.ts": "37d293009d1718205bf28e878e54a9f1ca24c1c320cee2416c20dc054104c6ea",
    "https://deno.land/std@0.177.0/node/internal_binding/tcp_wrap.ts": "d298d855e862fc9a5c94e13ad982fde99f6d8a56620a4772681b7226f5a15c91",
    "https://deno.land/std@0.177.0/node/internal_binding/timers.ts": "37d293009d1718205bf28e878e54a9f1ca24c1c320cee2416c20dc054104c6ea",
    "https://deno.land/std@0.177.0/node/internal_binding/tls_wrap.ts": "37d293009d1718205bf28e878e54a9f1ca24c1c320cee2416c20dc054104c6ea",
    "https://deno.land/std@0.177.0/node/internal_binding/trace_events.ts": "37d293009d1718205bf28e878e54a9f1ca24c1c320cee2416c20dc054104c6ea",
    "https://deno.land/std@0.177.0/node/internal_binding/tty_wrap.ts": "37d293009d1718205bf28e878e54a9f1ca24c1c320cee2416c20dc054104c6ea",
    "https://deno.land/std@0.177.0/node/internal_binding/types.ts": "2187595a58d2cf0134f4db6cc2a12bf777f452f52b15b6c3aed73fa072aa5fc3",
    "https://deno.land/std@0.177.0/node/internal_binding/udp_wrap.ts": "b77d7024aef1282b9fe6e1f6c8064ab8a7b9ecbae0bc08a36f2b30dcbb1d2752",
    "https://deno.land/std@0.177.0/node/internal_binding/url.ts": "37d293009d1718205bf28e878e54a9f1ca24c1c320cee2416c20dc054104c6ea",
    "https://deno.land/std@0.177.0/node/internal_binding/util.ts": "808ff3b92740284184ab824adfc420e75398c88c8bccf5111f0c24ac18c48f10",
    "https://deno.land/std@0.177.0/node/internal_binding/uv.ts": "eb0048e30af4db407fb3f95563e30d70efd6187051c033713b0a5b768593a3a3",
    "https://deno.land/std@0.177.0/node/internal_binding/v8.ts": "37d293009d1718205bf28e878e54a9f1ca24c1c320cee2416c20dc054104c6ea",
    "https://deno.land/std@0.177.0/node/internal_binding/worker.ts": "37d293009d1718205bf28e878e54a9f1ca24c1c320cee2416c20dc054104c6ea",
    "https://deno.land/std@0.177.0/node/internal_binding/zlib.ts": "37d293009d1718205bf28e878e54a9f1ca24c1c320cee2416c20dc054104c6ea",
    "https://deno.land/std@0.177.0/node/process.ts": "6608012d6d51a17a7346f36079c574b9b9f81f1b5c35436489ad089f39757466",
    "https://deno.land/std@0.177.0/node/stream.ts": "09e348302af40dcc7dc58aa5e40fdff868d11d8d6b0cfb85cbb9c75b9fe450c7",
    "https://deno.land/std@0.177.0/node/string_decoder.ts": "1a17e3572037c512cc5fc4b29076613e90f225474362d18da908cb7e5ccb7e88",
    "https://deno.land/std@0.177.0/node/util.ts": "4c12edeafde7e50dfe2d4022e383decb422c77858b938b093698cb7250c9e125",
    "https://deno.land/std@0.177.0/node/util/types.ts": "461b2e1118fd32456967e14b99f01c892dee1e94d144d6b96e9d94eb086a9574",
    "https://deno.land/std@0.177.0/path/_constants.ts": "e49961f6f4f48039c0dfed3c3f93e963ca3d92791c9d478ac5b43183413136e0",
    "https://deno.land/std@0.177.0/path/_interface.ts": "6471159dfbbc357e03882c2266d21ef9afdb1e4aa771b0545e90db58a0ba314b",
    "https://deno.land/std@0.177.0/path/_util.ts": "d7abb1e0dea065f427b89156e28cdeb32b045870acdf865833ba808a73b576d0",
    "https://deno.land/std@0.177.0/path/common.ts": "ee7505ab01fd22de3963b64e46cff31f40de34f9f8de1fff6a1bd2fe79380000",
    "https://deno.land/std@0.177.0/path/glob.ts": "d479e0a695621c94d3fd7fe7abd4f9499caf32a8de13f25073451c6ef420a4e1",
    "https://deno.land/std@0.177.0/path/mod.ts": "4b83694ac500d7d31b0cdafc927080a53dc0c3027eb2895790fb155082b0d232",
    "https://deno.land/std@0.177.0/path/posix.ts": "8b7c67ac338714b30c816079303d0285dd24af6b284f7ad63da5b27372a2c94d",
    "https://deno.land/std@0.177.0/path/separator.ts": "0fb679739d0d1d7bf45b68dacfb4ec7563597a902edbaf3c59b50d5bcadd93b1",
    "https://deno.land/std@0.177.0/path/win32.ts": "d186344e5583bcbf8b18af416d13d82b35a317116e6460a5a3953508c3de5bba",
    "https://deno.land/std@0.177.0/streams/write_all.ts": "3b2e1ce44913f966348ce353d02fa5369e94115181037cd8b602510853ec3033",
    "https://deno.land/std@0.177.0/types.d.ts": "220ed56662a0bd393ba5d124aa6ae2ad36a00d2fcbc0e8666a65f4606aaa9784",
    "https://esm.sh/@sindresorhus/slugify@2.2.0": "98a48841b81b75091421d837e92e25ee3dc892638d4ac3322850575e240983ad",
    "https://esm.sh/cheerio@0.22.0": "c68ff0e54e8175e9aa09a90265b8a0b09dcf54da073daa960ed1fbec4cfe289c",
    "https://esm.sh/dayjs@1.11.7": "0d1a6344628d6309c60059eb2ce22fb6c95cd29a44c27249720ca95e3943b417",
    "https://esm.sh/v111/@types/cheerio@0.22.31/index.d.ts": "fa0d8401faad20e2ed724a69949918bc9c976b68788ad5ec725cea95ff8624a3",
    "https://esm.sh/v111/boolbase@1.0.0/deno/boolbase.js": "8b8fd97a13bcd39ffdbec89e90a015170031e46f78a2a0b61c4f7371801986dd",
    "https://esm.sh/v111/cheerio@0.22.0/deno/cheerio.js": "fcd1fef642b14346b4094d02a5a268e110d052368382a24adda22646a73cdf9e",
    "https://esm.sh/v111/css-select@1.2.0/deno/css-select.js": "246ddcebd4328da757d279f2f6add2dab2d19fa37a45d4986ac41749dd9ae30e",
    "https://esm.sh/v111/css-what@2.1.3/deno/css-what.js": "88a5eecdf158e062122ea51da12a8305c049fec9269f9456dd7481ce56b65bfd",
    "https://esm.sh/v111/dom-serializer@0.2.2/deno/dom-serializer.js": "b5910e2a9724e8e8094bda2a390a6132befaa6bcbf1335a32e1338b9bc3d4ee6",
    "https://esm.sh/v111/domelementtype@1.3.1/deno/domelementtype.js": "dab10d1cbe22a1d38f5e11b3969335298293d2e06b0461fec0a5e3498e81e647",
    "https://esm.sh/v111/domelementtype@2.3.0/deno/domelementtype.js": "3c0b219c7ca627094cc1202f833740347cccc480af22dc81a8e8e8e11ee63bb0",
    "https://esm.sh/v111/domhandler@2.4.2/deno/domhandler.js": "9bcca888d6e5984b72d98a68210d1a1a4b18dc055916fe4b2cc8b5acf3417526",
    "https://esm.sh/v111/domutils@1.5.1/deno/domutils.js": "2bc0f098c2e7482593bf918e1b7f87af253663ce8fa903fbdfc5ea18bb384e1f",
    "https://esm.sh/v111/domutils@1.7.0/deno/domutils.js": "26d5179e9f7f357c545698510d9cc3df05092635342a6585b60b9821755832e6",
    "https://esm.sh/v111/entities@1.1.2/deno/lib/decode_codepoint.js": "c9e8a217186e3a95c512a744c6cf9d1f97b9e77cce354125eecb8e100b520d47",
    "https://esm.sh/v111/entities@1.1.2/deno/maps/decode.json.js": "2ca8cf98379150d40112ce9ff5d040c6717a99dddc7e7674f1ce753adef59e00",
    "https://esm.sh/v111/entities@1.1.2/deno/maps/entities.json.js": "3173692f1b1b03b18ff38efa7c714c271836f0c7af9ba5db9425d5b5d32d257e",
    "https://esm.sh/v111/entities@1.1.2/deno/maps/legacy.json.js": "7f1d9a0e2ee65fcc8c8f385cf6a0920e717bbb18b3338c8d1857ffc02ba5c66e",
    "https://esm.sh/v111/entities@1.1.2/deno/maps/xml.json.js": "5bf3fdfebb6d7cb842f385fa22900aabdd1b5fa80e781a06819ebae53d6449c9",
    "https://esm.sh/v111/entities@2.2.0/deno/entities.js": "3b8fbc1df9269eb9fd07c77ee04d44926c0a27b2cf281a01de68cddb776e1f84",
    "https://esm.sh/v111/htmlparser2@3.10.1/deno/htmlparser2.js": "9cd51de475b5c14b526a3cf23afa85650cc0c960f126acbd4398459392d1762b",
    "https://esm.sh/v111/inherits@2.0.4/deno/inherits.js": "da35e81feb795427b2df105220aee8cf60bacb4078f350f4d764fdfc9f156ff6",
    "https://esm.sh/v111/lodash.assignin@4.2.0/deno/lodash.assignin.js": "974c288da32ecacb06ac1f235ab3506521d6b6d73ce3a1a60fc7184abcd0679b",
    "https://esm.sh/v111/lodash.bind@4.2.1/deno/lodash.bind.js": "d59995d745d3dc6a978f89b13cbbd47180e6e00fbfec25515a6ab616e3b8539c",
    "https://esm.sh/v111/lodash.defaults@4.2.0/deno/lodash.defaults.js": "85bec9187761b492bbe243dfb1e90ccd7ebe3da8abdd38a9d5141df6bca3eb3b",
    "https://esm.sh/v111/lodash.filter@4.6.0/deno/lodash.filter.js": "7a98b7d030cb5d48bde77e7f75656fa2c8e7bc01cb7a41ea76c39bb915cfa542",
    "https://esm.sh/v111/lodash.flatten@4.4.0/deno/lodash.flatten.js": "3b8f3bba6c1f6fcf144ea24f1233b35d3ef492adae2411aec2f532586a50cb2d",
    "https://esm.sh/v111/lodash.foreach@4.5.0/deno/lodash.foreach.js": "afb539eee9bf4a2df5e7d289e47703f6211dad6e87f62da93245877a51dea88b",
    "https://esm.sh/v111/lodash.map@4.6.0/deno/lodash.map.js": "f232ebb794677ea736583d70e7d0be6879dd47c34ed091e9181539114ed157ba",
    "https://esm.sh/v111/lodash.merge@4.6.2/deno/lodash.merge.js": "4d4676ff302bc548bea098a45e37f333f5781fb0aaf9c85fdeacc52c8180c30f",
    "https://esm.sh/v111/lodash.pick@4.4.0/deno/lodash.pick.js": "9b853ea99d82e11c3952d1843e9db4b2f3c18c67b529bda82e7613b750b88f63",
    "https://esm.sh/v111/lodash.reduce@4.6.0/deno/lodash.reduce.js": "ec249b50dadf669739b3a3a45dbd62d5560d0d7850f410fd5010b2216303e025",
    "https://esm.sh/v111/lodash.reject@4.6.0/deno/lodash.reject.js": "a8ffc99d71b740ac613bcb010f88acdcfb19f6d01aa3439878f1cca9af12a950",
    "https://esm.sh/v111/lodash.some@4.6.0/deno/lodash.some.js": "24b801dbdb436855aa70f1c5a5687fc8d87ac4f41725a400364ff76a39540edd",
    "https://esm.sh/v111/node.ns.d.ts": "0fb081f0cd2150931bd54baa04f31466abd9ca701fd9060d07931402cf8367ba",
    "https://esm.sh/v111/node_buffer.js": "445d389cb8c9f9fad5ff869ca2c2a863d178d410795ebd5f2f39d9a029156d56",
    "https://esm.sh/v111/nth-check@1.0.2/deno/nth-check.js": "c43efd68afaf96bc67b100c7f7b0d1842cdfb827aa2310e6fadfd0c5f38cd28e",
    "https://esm.sh/v111/readable-stream@3.6.1/deno/readable-stream.js": "80647c3c0b9dcecffc559e7bf3805848688158887038edb2d2950b1a5782e2bb",
    "https://esm.sh/v111/util-deprecate@1.0.2/deno/util-deprecate.js": "a23265f89cf69c2ffd12f898401e61ed0efd25fab264c89f66f6cf1b77e94dfd",
    "https://esm.sh/v113/@sindresorhus/slugify@2.2.0/deno/slugify.mjs": "c48fdc507073909e108d573ca656d0dc311805aeb357696cc32fdb072d9708d2",
    "https://esm.sh/v113/@sindresorhus/slugify@2.2.0/index.d.ts": "0897c85597538824a96858e47036ecfc68cb69022f2b52515374a9513752e008",
    "https://esm.sh/v113/@sindresorhus/transliterate@1.6.0/deno/transliterate.mjs": "433969c1c6bd71aac8f33f20430d87db5d65c9914d7fd65e4b23ad875555ff63",
    "https://esm.sh/v113/dayjs@1.11.7/deno/dayjs.mjs": "f96788cc2d405f7c691645a29a64a2616025a1641c6d4defc0b63a105693dc65",
    "https://esm.sh/v113/dayjs@1.11.7/index.d.ts": "09d906c1aeb34304755b072698e6728d3e83ed0b6366cf82e695f7a0f078564e",
    "https://esm.sh/v113/dayjs@1.11.7/locale/index.d.ts": "d05d8c67116dceafc62e691c47ac89f8f10cf7313cd1b2fb4fe801c2bf1bb1a7",
    "https://esm.sh/v113/dayjs@1.11.7/locale/types.d.ts": "73a0ee6395819b063df4b148211985f2e1442945c1a057204cf4cf6281760dc3",
    "https://esm.sh/v113/escape-string-regexp@5.0.0/deno/escape-string-regexp.mjs": "2fff2bb22b972451b372a06cb22abde34de4bfdc0e20ec43741021e7fde4c8b5"
  },
  "npm": {
    "specifiers": {
      "inquirer": "inquirer@9.1.5"
    },
    "packages": {
      "ansi-escapes@6.1.0": {
        "integrity": "sha512-bQyg9bzRntwR/8b89DOEhGwctcwCrbWW/TuqTQnpqpy5Fz3aovcOTj5i8NJV6AHc8OGNdMaqdxAWww8pz2kiKg==",
        "dependencies": {
          "type-fest": "type-fest@3.7.0"
        }
      },
      "ansi-regex@6.0.1": {
        "integrity": "sha512-n5M855fKb2SsfMIiFFoVrABHJC8QtHwVx+mHWP3QcEqBHYienj5dHSgjbxtC0WEZXYt4wcD6zrQElDPhFuZgfA==",
        "dependencies": {}
      },
      "ansi-styles@6.2.1": {
        "integrity": "sha512-bN798gFfQX+viw3R7yrGWRqnrN2oRkEkUjjl4JNn4E8GxxbjtG3FbrEIIY3l8/hrwUwIeCZvi4QuOTP4MErVug==",
        "dependencies": {}
      },
      "base64-js@1.5.1": {
        "integrity": "sha512-AKpaYlHn8t4SVbOHCy+b5+KKgvR4vrsD8vbvrbiQJps7fKDTkjkDry6ji0rUJjC0kzbNePLwzxq8iypo41qeWA==",
        "dependencies": {}
      },
      "bl@5.1.0": {
        "integrity": "sha512-tv1ZJHLfTDnXE6tMHv73YgSJaWR2AFuPwMntBe7XL/GBFHnT0CLnsHMogfk5+GzCDC5ZWarSCYaIGATZt9dNsQ==",
        "dependencies": {
          "buffer": "buffer@6.0.3",
          "inherits": "inherits@2.0.4",
          "readable-stream": "readable-stream@3.6.2"
        }
      },
      "buffer@6.0.3": {
        "integrity": "sha512-FTiCpNxtwiZZHEZbcbTIcZjERVICn9yq/pDFkTl95/AxzD1naBctN7YO68riM/gLSDY7sdrMby8hofADYuuqOA==",
        "dependencies": {
          "base64-js": "base64-js@1.5.1",
          "ieee754": "ieee754@1.2.1"
        }
      },
      "chalk@5.2.0": {
        "integrity": "sha512-ree3Gqw/nazQAPuJJEy+avdl7QfZMcUvmHIKgEZkGL+xOBzRvup5Hxo6LHuMceSxOabuJLJm5Yp/92R9eMmMvA==",
        "dependencies": {}
      },
      "chardet@0.7.0": {
        "integrity": "sha512-mT8iDcrh03qDGRRmoA2hmBJnxpllMR+0/0qlzjqZES6NdiWDcZkCNAk4rPFZ9Q85r27unkiNNg8ZOiwZXBHwcA==",
        "dependencies": {}
      },
      "cli-cursor@4.0.0": {
        "integrity": "sha512-VGtlMu3x/4DOtIUwEkRezxUZ2lBacNJCHash0N0WeZDBS+7Ux1dm3XWAgWYxLJFMMdOeXMHXorshEFhbMSGelg==",
        "dependencies": {
          "restore-cursor": "restore-cursor@4.0.0"
        }
      },
      "cli-spinners@2.7.0": {
        "integrity": "sha512-qu3pN8Y3qHNgE2AFweciB1IfMnmZ/fsNTEE+NOFjmGB2F/7rLhnhzppvpCnN4FovtP26k8lHyy9ptEbNwWFLzw==",
        "dependencies": {}
      },
      "cli-width@4.0.0": {
        "integrity": "sha512-ZksGS2xpa/bYkNzN3BAw1wEjsLV/ZKOf/CCrJ/QOBsxx6fOARIkwTutxp1XIOIohi6HKmOFjMoK/XaqDVUpEEw==",
        "dependencies": {}
      },
      "clone@1.0.4": {
        "integrity": "sha512-JQHZ2QMW6l3aH/j6xCqQThY/9OH4D/9ls34cgkUBiEeocRTU04tHfKPBsUK1PqZCUQM7GiA0IIXJSuXHI64Kbg==",
        "dependencies": {}
      },
      "defaults@1.0.4": {
        "integrity": "sha512-eFuaLoy/Rxalv2kr+lqMlUnrDWV+3j4pljOIJgLIhI058IQfWJ7vXhyEIHu+HtC738klGALYxOKDO0bQP3tg8A==",
        "dependencies": {
          "clone": "clone@1.0.4"
        }
      },
      "eastasianwidth@0.2.0": {
        "integrity": "sha512-I88TYZWc9XiYHRQ4/3c5rjjfgkjhLyW2luGIheGERbNQ6OY7yTybanSpDXZa8y7VUP9YmDcYa+eyq4ca7iLqWA==",
        "dependencies": {}
      },
      "emoji-regex@9.2.2": {
        "integrity": "sha512-L18DaJsXSUk2+42pv8mLs5jJT2hqFkFE4j21wOmgbUqsZ2hL72NsUU785g9RXgo3s0ZNgVl42TiHp3ZtOv/Vyg==",
        "dependencies": {}
      },
      "escape-string-regexp@5.0.0": {
        "integrity": "sha512-/veY75JbMK4j1yjvuUxuVsiS/hr/4iHs9FTT6cgTexxdE0Ly/glccBAkloH/DofkjRbZU3bnoj38mOmhkZ0lHw==",
        "dependencies": {}
      },
      "external-editor@3.1.0": {
        "integrity": "sha512-hMQ4CX1p1izmuLYyZqLMO/qGNw10wSv9QDCPfzXfyFrOaCSSoRfqE1Kf1s5an66J5JZC62NewG+mK49jOCtQew==",
        "dependencies": {
          "chardet": "chardet@0.7.0",
          "iconv-lite": "iconv-lite@0.4.24",
          "tmp": "tmp@0.0.33"
        }
      },
      "figures@5.0.0": {
        "integrity": "sha512-ej8ksPF4x6e5wvK9yevct0UCXh8TTFlWGVLlgjZuoBH1HwjIfKE/IdL5mq89sFA7zELi1VhKpmtDnrs7zWyeyg==",
        "dependencies": {
          "escape-string-regexp": "escape-string-regexp@5.0.0",
          "is-unicode-supported": "is-unicode-supported@1.3.0"
        }
      },
      "iconv-lite@0.4.24": {
        "integrity": "sha512-v3MXnZAcvnywkTUEZomIActle7RXXeedOR31wwl7VlyoXO4Qi9arvSenNQWne1TcRwhCL1HwLI21bEqdpj8/rA==",
        "dependencies": {
          "safer-buffer": "safer-buffer@2.1.2"
        }
      },
      "ieee754@1.2.1": {
        "integrity": "sha512-dcyqhDvX1C46lXZcVqCpK+FtMRQVdIMN6/Df5js2zouUsqG7I6sFxitIC+7KYK29KdXOLHdu9zL4sFnoVQnqaA==",
        "dependencies": {}
      },
      "inherits@2.0.4": {
        "integrity": "sha512-k/vGaX4/Yla3WzyMCvTQOXYeIHvqOKtnqBduzTHpzpQZzAskKMhZ2K+EnBiSM9zGSoIFeMpXKxa4dYeZIQqewQ==",
        "dependencies": {}
      },
      "inquirer@9.1.5": {
        "integrity": "sha512-3ygAIh8gcZavV9bj6MTdYddG2zPSYswP808fKS46NOwlF0zZljVpnLCHODDqItWJDbDpLb3aouAxGaJbkxoppA==",
        "dependencies": {
          "ansi-escapes": "ansi-escapes@6.1.0",
          "chalk": "chalk@5.2.0",
          "cli-cursor": "cli-cursor@4.0.0",
          "cli-width": "cli-width@4.0.0",
          "external-editor": "external-editor@3.1.0",
          "figures": "figures@5.0.0",
          "lodash": "lodash@4.17.21",
          "mute-stream": "mute-stream@1.0.0",
          "ora": "ora@6.3.0",
          "run-async": "run-async@2.4.1",
          "rxjs": "rxjs@7.8.0",
          "string-width": "string-width@5.1.2",
          "strip-ansi": "strip-ansi@7.0.1",
          "through": "through@2.3.8",
          "wrap-ansi": "wrap-ansi@8.1.0"
        }
      },
      "is-interactive@2.0.0": {
        "integrity": "sha512-qP1vozQRI+BMOPcjFzrjXuQvdak2pHNUMZoeG2eRbiSqyvbEf/wQtEOTOX1guk6E3t36RkaqiSt8A/6YElNxLQ==",
        "dependencies": {}
      },
      "is-unicode-supported@1.3.0": {
        "integrity": "sha512-43r2mRvz+8JRIKnWJ+3j8JtjRKZ6GmjzfaE/qiBJnikNnYv/6bagRJ1kUhNk8R5EX/GkobD+r+sfxCPJsiKBLQ==",
        "dependencies": {}
      },
      "lodash@4.17.21": {
        "integrity": "sha512-v2kDEe57lecTulaDIuNTPy3Ry4gLGJ6Z1O3vE1krgXZNrsQ+LFTGHVxVjcXPs17LhbZVGedAJv8XZ1tvj5FvSg==",
        "dependencies": {}
      },
      "log-symbols@5.1.0": {
        "integrity": "sha512-l0x2DvrW294C9uDCoQe1VSU4gf529FkSZ6leBl4TiqZH/e+0R7hSfHQBNut2mNygDgHwvYHfFLn6Oxb3VWj2rA==",
        "dependencies": {
          "chalk": "chalk@5.2.0",
          "is-unicode-supported": "is-unicode-supported@1.3.0"
        }
      },
      "mimic-fn@2.1.0": {
        "integrity": "sha512-OqbOk5oEQeAZ8WXWydlu9HJjz9WVdEIvamMCcXmuqUYjTknH/sqsWvhQ3vgwKFRR1HpjvNBKQ37nbJgYzGqGcg==",
        "dependencies": {}
      },
      "mute-stream@1.0.0": {
        "integrity": "sha512-avsJQhyd+680gKXyG/sQc0nXaC6rBkPOfyHYcFb9+hdkqQkR9bdnkJ0AMZhke0oesPqIO+mFFJ+IdBc7mst4IA==",
        "dependencies": {}
      },
      "onetime@5.1.2": {
        "integrity": "sha512-kbpaSSGJTWdAY5KPVeMOKXSrPtr8C8C7wodJbcsd51jRnmD+GZu8Y0VoU6Dm5Z4vWr0Ig/1NKuWRKf7j5aaYSg==",
        "dependencies": {
          "mimic-fn": "mimic-fn@2.1.0"
        }
      },
      "ora@6.3.0": {
        "integrity": "sha512-1/D8uRFY0ay2kgBpmAwmSA404w4OoPVhHMqRqtjvrcK/dnzcEZxMJ+V4DUbyICu8IIVRclHcOf5wlD1tMY4GUQ==",
        "dependencies": {
          "chalk": "chalk@5.2.0",
          "cli-cursor": "cli-cursor@4.0.0",
          "cli-spinners": "cli-spinners@2.7.0",
          "is-interactive": "is-interactive@2.0.0",
          "is-unicode-supported": "is-unicode-supported@1.3.0",
          "log-symbols": "log-symbols@5.1.0",
          "stdin-discarder": "stdin-discarder@0.1.0",
          "strip-ansi": "strip-ansi@7.0.1",
          "wcwidth": "wcwidth@1.0.1"
        }
      },
      "os-tmpdir@1.0.2": {
        "integrity": "sha512-D2FR03Vir7FIu45XBY20mTb+/ZSWB00sjU9jdQXt83gDrI4Ztz5Fs7/yy74g2N5SVQY4xY1qDr4rNddwYRVX0g==",
        "dependencies": {}
      },
      "readable-stream@3.6.2": {
        "integrity": "sha512-9u/sniCrY3D5WdsERHzHE4G2YCXqoG5FTHUiCC4SIbr6XcLZBY05ya9EKjYek9O5xOAwjGq+1JdGBAS7Q9ScoA==",
        "dependencies": {
          "inherits": "inherits@2.0.4",
          "string_decoder": "string_decoder@1.3.0",
          "util-deprecate": "util-deprecate@1.0.2"
        }
      },
      "restore-cursor@4.0.0": {
        "integrity": "sha512-I9fPXU9geO9bHOt9pHHOhOkYerIMsmVaWB0rA2AI9ERh/+x/i7MV5HKBNrg+ljO5eoPVgCcnFuRjJ9uH6I/3eg==",
        "dependencies": {
          "onetime": "onetime@5.1.2",
          "signal-exit": "signal-exit@3.0.7"
        }
      },
      "run-async@2.4.1": {
        "integrity": "sha512-tvVnVv01b8c1RrA6Ep7JkStj85Guv/YrMcwqYQnwjsAS2cTmmPGBBjAjpCW7RrSodNSoE2/qg9O4bceNvUuDgQ==",
        "dependencies": {}
      },
      "rxjs@7.8.0": {
        "integrity": "sha512-F2+gxDshqmIub1KdvZkaEfGDwLNpPvk9Fs6LD/MyQxNgMds/WH9OdDDXOmxUZpME+iSK3rQCctkL0DYyytUqMg==",
        "dependencies": {
          "tslib": "tslib@2.5.0"
        }
      },
      "safe-buffer@5.2.1": {
        "integrity": "sha512-rp3So07KcdmmKbGvgaNxQSJr7bGVSVk5S9Eq1F+ppbRo70+YeaDxkw5Dd8NPN+GD6bjnYm2VuPuCXmpuYvmCXQ==",
        "dependencies": {}
      },
      "safer-buffer@2.1.2": {
        "integrity": "sha512-YZo3K82SD7Riyi0E1EQPojLz7kpepnSQI9IyPbHHg1XXXevb5dJI7tpyN2ADxGcQbHG7vcyRHk0cbwqcQriUtg==",
        "dependencies": {}
      },
      "signal-exit@3.0.7": {
        "integrity": "sha512-wnD2ZE+l+SPC/uoS0vXeE9L1+0wuaMqKlfz9AMUo38JsyLSBWSFcHR1Rri62LZc12vLr1gb3jl7iwQhgwpAbGQ==",
        "dependencies": {}
      },
      "stdin-discarder@0.1.0": {
        "integrity": "sha512-xhV7w8S+bUwlPTb4bAOUQhv8/cSS5offJuX8GQGq32ONF0ZtDWKfkdomM3HMRA+LhX6um/FZ0COqlwsjD53LeQ==",
        "dependencies": {
          "bl": "bl@5.1.0"
        }
      },
      "string-width@5.1.2": {
        "integrity": "sha512-HnLOCR3vjcY8beoNLtcjZ5/nxn2afmME6lhrDrebokqMap+XbeW8n9TXpPDOqdGK5qcI3oT0GKTW6wC7EMiVqA==",
        "dependencies": {
          "eastasianwidth": "eastasianwidth@0.2.0",
          "emoji-regex": "emoji-regex@9.2.2",
          "strip-ansi": "strip-ansi@7.0.1"
        }
      },
      "string_decoder@1.3.0": {
        "integrity": "sha512-hkRX8U1WjJFd8LsDJ2yQ/wWWxaopEsABU1XfkM8A+j0+85JAGppt16cr1Whg6KIbb4okU6Mql6BOj+uup/wKeA==",
        "dependencies": {
          "safe-buffer": "safe-buffer@5.2.1"
        }
      },
      "strip-ansi@7.0.1": {
        "integrity": "sha512-cXNxvT8dFNRVfhVME3JAe98mkXDYN2O1l7jmcwMnOslDeESg1rF/OZMtK0nRAhiari1unG5cD4jG3rapUAkLbw==",
        "dependencies": {
          "ansi-regex": "ansi-regex@6.0.1"
        }
      },
      "through@2.3.8": {
        "integrity": "sha512-w89qg7PI8wAdvX60bMDP+bFoD5Dvhm9oLheFp5O4a2QF0cSBGsBX4qZmadPMvVqlLJBBci+WqGGOAPvcDeNSVg==",
        "dependencies": {}
      },
      "tmp@0.0.33": {
        "integrity": "sha512-jRCJlojKnZ3addtTOjdIqoRuPEKBvNXcGYqzO6zWZX8KfKEpnGY5jfggJQ3EjKuu8D4bJRr0y+cYJFmYbImXGw==",
        "dependencies": {
          "os-tmpdir": "os-tmpdir@1.0.2"
        }
      },
      "tslib@2.5.0": {
        "integrity": "sha512-336iVw3rtn2BUK7ORdIAHTyxHGRIHVReokCR3XjbckJMK7ms8FysBfhLR8IXnAgy7T0PTPNBWKiH514FOW/WSg==",
        "dependencies": {}
      },
      "type-fest@3.7.0": {
        "integrity": "sha512-A2qUJ/j8vkKIT+UorxayZjFJoEdNkIPZkjOJSWezoAbRQd7QEhnz2iJlfVy4Or0GuEnCXts5cNorQNUvdLkaSQ==",
        "dependencies": {}
      },
      "util-deprecate@1.0.2": {
        "integrity": "sha512-EPD5q1uXyFxJpCrLnCc1nHnq3gOa6DZBocAIiI2TaSCA7VCJ1UJDMagCzIkXNsUYfD1daK//LTEQ8xiIbrHtcw==",
        "dependencies": {}
      },
      "wcwidth@1.0.1": {
        "integrity": "sha512-XHPEwS0q6TaxcvG85+8EYkbiCux2XtWG2mkc47Ng2A77BQu9+DqIOJldST4HgPkuea7dvKSj5VgX3P1d4rW8Tg==",
        "dependencies": {
          "defaults": "defaults@1.0.4"
        }
      },
      "wrap-ansi@8.1.0": {
        "integrity": "sha512-si7QWI6zUMq56bESFvagtmzMdGOtoxfR+Sez11Mobfc7tm+VkUckk9bW2UeffTGVUbOksxmSw0AA2gs8g71NCQ==",
        "dependencies": {
          "ansi-styles": "ansi-styles@6.2.1",
          "string-width": "string-width@5.1.2",
          "strip-ansi": "strip-ansi@7.0.1"
        }
      }
    }
  }
}
